
Microsoft Visual Studio Solution File, Format Version 12.00
# Visual Studio 2013
VisualStudioVersion = 12.0.21005.1
MinimumVisualStudioVersion = 10.0.40219.1
Project("{FAE04EC0-301F-11D3-BF4B-00C04F79EFBC}") = "Cmd.EatUp", "Cmd.EatUp\Cmd.EatUp.csproj", "{2259FFE0-D72F-4C9E-8D18-940D90A625C1}"
EndProject
Project("{FAE04EC0-301F-11D3-BF4B-00C04F79EFBC}") = "Cmd.EatUp.Data", "Cmd.EatUp.Data\Cmd.EatUp.Data.csproj", "{49AA70BD-E546-4D2D-98E1-2DF35D1387AF}"
EndProject
Global
	GlobalSection(SolutionConfigurationPlatforms) = preSolution
		Debug|Any CPU = Debug|Any CPU
		Release|Any CPU = Release|Any CPU
	EndGlobalSection
	GlobalSection(ProjectConfigurationPlatforms) = postSolution
		{2259FFE0-D72F-4C9E-8D18-940D90A625C1}.Debug|Any CPU.ActiveCfg = Debug|Any CPU
		{2259FFE0-D72F-4C9E-8D18-940D90A625C1}.Debug|Any CPU.Build.0 = Debug|Any CPU
		{2259FFE0-D72F-4C9E-8D18-940D90A625C1}.Release|Any CPU.ActiveCfg = Release|Any CPU
		{2259FFE0-D72F-4C9E-8D18-940D90A625C1}.Release|Any CPU.Build.0 = Release|Any CPU
		{49AA70BD-E546-4D2D-98E1-2DF35D1387AF}.Debug|Any CPU.ActiveCfg = Debug|Any CPU
		{49AA70BD-E546-4D2D-98E1-2DF35D1387AF}.Debug|Any CPU.Build.0 = Debug|Any CPU
		{49AA70BD-E546-4D2D-98E1-2DF35D1387AF}.Release|Any CPU.ActiveCfg = Release|Any CPU
		{49AA70BD-E546-4D2D-98E1-2DF35D1387AF}.Release|Any CPU.Build.0 = Release|Any CPU
	EndGlobalSection
	GlobalSection(SolutionProperties) = preSolution
		HideSolutionNode = FALSE
	EndGlobalSection
EndGlobal
